
Microsoft Visual Studio Solution File, Format Version 12.00
# Visual Studio 15
VisualStudioVersion = 15.0.26009.0
MinimumVisualStudioVersion = 10.0.40219.1
Project("{FAE04EC0-301F-11D3-BF4B-00C04F79EFBC}") = "MetaNix", "MetaNix.csproj", "{B346AB9A-2C42-4939-BE3B-52C57EEA3E29}"
EndProject
Project("{FAE04EC0-301F-11D3-BF4B-00C04F79EFBC}") = "MetaNixUnittest", "..\MetaNixUnittest\MetaNixUnittest.csproj", "{E7FE0263-2AAF-4892-A2D4-F5A2C260ABEC}"
	ProjectSection(ProjectDependencies) = postProject
		{B346AB9A-2C42-4939-BE3B-52C57EEA3E29} = {B346AB9A-2C42-4939-BE3B-52C57EEA3E29}
	EndProjectSection
EndProject
Project("{FAE04EC0-301F-11D3-BF4B-00C04F79EFBC}") = "MetaNixCore", "..\MetaNixCore\MetaNixCore.csproj", "{2980888F-9543-45A0-8BBC-7E7D1CF19F8F}"
EndProject
Project("{FAE04EC0-301F-11D3-BF4B-00C04F79EFBC}") = "MetaNixFringeAi", "..\MetaNixFringeAi\MetaNixFringeAi.csproj", "{BB77F548-DB22-415C-B172-7DF5299E5AC1}"
EndProject
Project("{FAE04EC0-301F-11D3-BF4B-00C04F79EFBC}") = "MetaNixExperimentalPrivate", "..\MetaNixExperimentalPrivate\MetaNixExperimentalPrivate.csproj", "{995A0F03-377F-4001-8AD0-ADEAFA7E08C5}"
EndProject
Global
	GlobalSection(SolutionConfigurationPlatforms) = preSolution
		Debug|Any CPU = Debug|Any CPU
		Debug|x64 = Debug|x64
		Release|Any CPU = Release|Any CPU
		Release|x64 = Release|x64
	EndGlobalSection
	GlobalSection(ProjectConfigurationPlatforms) = postSolution
		{B346AB9A-2C42-4939-BE3B-52C57EEA3E29}.Debug|Any CPU.ActiveCfg = Debug|Any CPU
		{B346AB9A-2C42-4939-BE3B-52C57EEA3E29}.Debug|Any CPU.Build.0 = Debug|Any CPU
		{B346AB9A-2C42-4939-BE3B-52C57EEA3E29}.Debug|x64.ActiveCfg = Debug|Any CPU
		{B346AB9A-2C42-4939-BE3B-52C57EEA3E29}.Debug|x64.Build.0 = Debug|Any CPU
		{B346AB9A-2C42-4939-BE3B-52C57EEA3E29}.Release|Any CPU.ActiveCfg = Release|Any CPU
		{B346AB9A-2C42-4939-BE3B-52C57EEA3E29}.Release|Any CPU.Build.0 = Release|Any CPU
		{B346AB9A-2C42-4939-BE3B-52C57EEA3E29}.Release|x64.ActiveCfg = Release|x64
		{B346AB9A-2C42-4939-BE3B-52C57EEA3E29}.Release|x64.Build.0 = Release|x64
		{E7FE0263-2AAF-4892-A2D4-F5A2C260ABEC}.Debug|Any CPU.ActiveCfg = Debug|Any CPU
		{E7FE0263-2AAF-4892-A2D4-F5A2C260ABEC}.Debug|Any CPU.Build.0 = Debug|Any CPU
		{E7FE0263-2AAF-4892-A2D4-F5A2C260ABEC}.Debug|x64.ActiveCfg = Debug|Any CPU
		{E7FE0263-2AAF-4892-A2D4-F5A2C260ABEC}.Debug|x64.Build.0 = Debug|Any CPU
		{E7FE0263-2AAF-4892-A2D4-F5A2C260ABEC}.Release|Any CPU.ActiveCfg = Release|Any CPU
		{E7FE0263-2AAF-4892-A2D4-F5A2C260ABEC}.Release|Any CPU.Build.0 = Release|Any CPU
		{E7FE0263-2AAF-4892-A2D4-F5A2C260ABEC}.Release|x64.ActiveCfg = Release|Any CPU
		{E7FE0263-2AAF-4892-A2D4-F5A2C260ABEC}.Release|x64.Build.0 = Release|Any CPU
		{2980888F-9543-45A0-8BBC-7E7D1CF19F8F}.Debug|Any CPU.ActiveCfg = Debug|Any CPU
		{2980888F-9543-45A0-8BBC-7E7D1CF19F8F}.Debug|Any CPU.Build.0 = Debug|Any CPU
		{2980888F-9543-45A0-8BBC-7E7D1CF19F8F}.Debug|x64.ActiveCfg = Debug|Any CPU
		{2980888F-9543-45A0-8BBC-7E7D1CF19F8F}.Debug|x64.Build.0 = Debug|Any CPU
		{2980888F-9543-45A0-8BBC-7E7D1CF19F8F}.Release|Any CPU.ActiveCfg = Release|Any CPU
		{2980888F-9543-45A0-8BBC-7E7D1CF19F8F}.Release|Any CPU.Build.0 = Release|Any CPU
		{2980888F-9543-45A0-8BBC-7E7D1CF19F8F}.Release|x64.ActiveCfg = Release|Any CPU
		{2980888F-9543-45A0-8BBC-7E7D1CF19F8F}.Release|x64.Build.0 = Release|Any CPU
		{BB77F548-DB22-415C-B172-7DF5299E5AC1}.Debug|Any CPU.ActiveCfg = Debug|Any CPU
		{BB77F548-DB22-415C-B172-7DF5299E5AC1}.Debug|Any CPU.Build.0 = Debug|Any CPU
		{BB77F548-DB22-415C-B172-7DF5299E5AC1}.Debug|x64.ActiveCfg = Debug|Any CPU
		{BB77F548-DB22-415C-B172-7DF5299E5AC1}.Debug|x64.Build.0 = Debug|Any CPU
		{BB77F548-DB22-415C-B172-7DF5299E5AC1}.Release|Any CPU.ActiveCfg = Release|Any CPU
		{BB77F548-DB22-415C-B172-7DF5299E5AC1}.Release|Any CPU.Build.0 = Release|Any CPU
		{BB77F548-DB22-415C-B172-7DF5299E5AC1}.Release|x64.ActiveCfg = Release|Any CPU
		{BB77F548-DB22-415C-B172-7DF5299E5AC1}.Release|x64.Build.0 = Release|Any CPU
		{995A0F03-377F-4001-8AD0-ADEAFA7E08C5}.Debug|Any CPU.ActiveCfg = Debug|Any CPU
		{995A0F03-377F-4001-8AD0-ADEAFA7E08C5}.Debug|Any CPU.Build.0 = Debug|Any CPU
		{995A0F03-377F-4001-8AD0-ADEAFA7E08C5}.Debug|x64.ActiveCfg = Debug|Any CPU
		{995A0F03-377F-4001-8AD0-ADEAFA7E08C5}.Debug|x64.Build.0 = Debug|Any CPU
		{995A0F03-377F-4001-8AD0-ADEAFA7E08C5}.Release|Any CPU.ActiveCfg = Release|Any CPU
		{995A0F03-377F-4001-8AD0-ADEAFA7E08C5}.Release|Any CPU.Build.0 = Release|Any CPU
		{995A0F03-377F-4001-8AD0-ADEAFA7E08C5}.Release|x64.ActiveCfg = Release|Any CPU
		{995A0F03-377F-4001-8AD0-ADEAFA7E08C5}.Release|x64.Build.0 = Release|Any CPU
	EndGlobalSection
	GlobalSection(SolutionProperties) = preSolution
		HideSolutionNode = FALSE
	EndGlobalSection
EndGlobal
